// !$*UTF8*$!
{
	archiveVersion = 1;
	classes = {
	};
	objectVersion = 50;
	objects = {

/* Begin PBXBuildFile section */
		5FBFD3C1251EDC77007E651B /* CanvasApp.swift in Sources */ = {isa = PBXBuildFile; fileRef = 5FBFD3C0251EDC77007E651B /* CanvasApp.swift */; };
		5FBFD3C3251EDC77007E651B /* ContentView.swift in Sources */ = {isa = PBXBuildFile; fileRef = 5FBFD3C2251EDC77007E651B /* ContentView.swift */; };
		5FBFD3C5251EDC78007E651B /* Assets.xcassets in Resources */ = {isa = PBXBuildFile; fileRef = 5FBFD3C4251EDC78007E651B /* Assets.xcassets */; };
		5FBFD3C8251EDC78007E651B /* Preview Assets.xcassets in Resources */ = {isa = PBXBuildFile; fileRef = 5FBFD3C7251EDC78007E651B /* Preview Assets.xcassets */; };
		5FBFD3D4251EDC78007E651B /* CanvasTests.swift in Sources */ = {isa = PBXBuildFile; fileRef = 5FBFD3D3251EDC78007E651B /* CanvasTests.swift */; };
		5FBFD3DF251EDC78007E651B /* CanvasUITests.swift in Sources */ = {isa = PBXBuildFile; fileRef = 5FBFD3DE251EDC78007E651B /* CanvasUITests.swift */; };
/* End PBXBuildFile section */

/* Begin PBXContainerItemProxy section */
		5FBFD3D0251EDC78007E651B /* PBXContainerItemProxy */ = {
			isa = PBXContainerItemProxy;
			containerPortal = 5FBFD3B5251EDC77007E651B /* Project object */;
			proxyType = 1;
			remoteGlobalIDString = 5FBFD3BC251EDC77007E651B;
			remoteInfo = Canvas;
		};
		5FBFD3DB251EDC78007E651B /* PBXContainerItemProxy */ = {
			isa = PBXContainerItemProxy;
			containerPortal = 5FBFD3B5251EDC77007E651B /* Project object */;
			proxyType = 1;
			remoteGlobalIDString = 5FBFD3BC251EDC77007E651B;
			remoteInfo = Canvas;
		};
/* End PBXContainerItemProxy section */

/* Begin PBXFileReference section */
		5FBFD3BD251EDC77007E651B /* Canvas.app */ = {isa = PBXFileReference; explicitFileType = wrapper.application; includeInIndex = 0; path = Canvas.app; sourceTree = BUILT_PRODUCTS_DIR; };
		5FBFD3C0251EDC77007E651B /* CanvasApp.swift */ = {isa = PBXFileReference; lastKnownFileType = sourcecode.swift; path = CanvasApp.swift; sourceTree = "<group>"; };
		5FBFD3C2251EDC77007E651B /* ContentView.swift */ = {isa = PBXFileReference; lastKnownFileType = sourcecode.swift; path = ContentView.swift; sourceTree = "<group>"; };
		5FBFD3C4251EDC78007E651B /* Assets.xcassets */ = {isa = PBXFileReference; lastKnownFileType = folder.assetcatalog; path = Assets.xcassets; sourceTree = "<group>"; };
		5FBFD3C7251EDC78007E651B /* Preview Assets.xcassets */ = {isa = PBXFileReference; lastKnownFileType = folder.assetcatalog; path = "Preview Assets.xcassets"; sourceTree = "<group>"; };
		5FBFD3C9251EDC78007E651B /* Info.plist */ = {isa = PBXFileReference; lastKnownFileType = text.plist.xml; path = Info.plist; sourceTree = "<group>"; };
		5FBFD3CA251EDC78007E651B /* Canvas.entitlements */ = {isa = PBXFileReference; lastKnownFileType = text.plist.entitlements; path = Canvas.entitlements; sourceTree = "<group>"; };
		5FBFD3CF251EDC78007E651B /* CanvasTests.xctest */ = {isa = PBXFileReference; explicitFileType = wrapper.cfbundle; includeInIndex = 0; path = CanvasTests.xctest; sourceTree = BUILT_PRODUCTS_DIR; };
		5FBFD3D3251EDC78007E651B /* CanvasTests.swift */ = {isa = PBXFileReference; lastKnownFileType = sourcecode.swift; path = CanvasTests.swift; sourceTree = "<group>"; };
		5FBFD3D5251EDC78007E651B /* Info.plist */ = {isa = PBXFileReference; lastKnownFileType = text.plist.xml; path = Info.plist; sourceTree = "<group>"; };
		5FBFD3DA251EDC78007E651B /* CanvasUITests.xctest */ = {isa = PBXFileReference; explicitFileType = wrapper.cfbundle; includeInIndex = 0; path = CanvasUITests.xctest; sourceTree = BUILT_PRODUCTS_DIR; };
		5FBFD3DE251EDC78007E651B /* CanvasUITests.swift */ = {isa = PBXFileReference; lastKnownFileType = sourcecode.swift; path = CanvasUITests.swift; sourceTree = "<group>"; };
		5FBFD3E0251EDC78007E651B /* Info.plist */ = {isa = PBXFileReference; lastKnownFileType = text.plist.xml; path = Info.plist; sourceTree = "<group>"; };
/* End PBXFileReference section */

/* Begin PBXFrameworksBuildPhase section */
		5FBFD3BA251EDC77007E651B /* Frameworks */ = {
			isa = PBXFrameworksBuildPhase;
			buildActionMask = 2147483647;
			files = (
			);
			runOnlyForDeploymentPostprocessing = 0;
		};
		5FBFD3CC251EDC78007E651B /* Frameworks */ = {
			isa = PBXFrameworksBuildPhase;
			buildActionMask = 2147483647;
			files = (
			);
			runOnlyForDeploymentPostprocessing = 0;
		};
		5FBFD3D7251EDC78007E651B /* Frameworks */ = {
			isa = PBXFrameworksBuildPhase;
			buildActionMask = 2147483647;
			files = (
			);
			runOnlyForDeploymentPostprocessing = 0;
		};
/* End PBXFrameworksBuildPhase section */

/* Begin PBXGroup section */
		5FBFD3B4251EDC77007E651B = {
			isa = PBXGroup;
			children = (
				5FBFD3BF251EDC77007E651B /* Canvas */,
				5FBFD3D2251EDC78007E651B /* CanvasTests */,
				5FBFD3DD251EDC78007E651B /* CanvasUITests */,
				5FBFD3BE251EDC77007E651B /* Products */,
			);
			sourceTree = "<group>";
		};
		5FBFD3BE251EDC77007E651B /* Products */ = {
			isa = PBXGroup;
			children = (
				5FBFD3BD251EDC77007E651B /* Canvas.app */,
				5FBFD3CF251EDC78007E651B /* CanvasTests.xctest */,
				5FBFD3DA251EDC78007E651B /* CanvasUITests.xctest */,
			);
			name = Products;
			sourceTree = "<group>";
		};
		5FBFD3BF251EDC77007E651B /* Canvas */ = {
			isa = PBXGroup;
			children = (
				5FBFD3C0251EDC77007E651B /* CanvasApp.swift */,
				5FBFD3C2251EDC77007E651B /* ContentView.swift */,
				5FBFD3C4251EDC78007E651B /* Assets.xcassets */,
				5FBFD3C9251EDC78007E651B /* Info.plist */,
				5FBFD3CA251EDC78007E651B /* Canvas.entitlements */,
				5FBFD3C6251EDC78007E651B /* Preview Content */,
			);
			path = Canvas;
			sourceTree = "<group>";
		};
		5FBFD3C6251EDC78007E651B /* Preview Content */ = {
			isa = PBXGroup;
			children = (
				5FBFD3C7251EDC78007E651B /* Preview Assets.xcassets */,
			);
			path = "Preview Content";
			sourceTree = "<group>";
		};
		5FBFD3D2251EDC78007E651B /* CanvasTests */ = {
			isa = PBXGroup;
			children = (
				5FBFD3D3251EDC78007E651B /* CanvasTests.swift */,
				5FBFD3D5251EDC78007E651B /* Info.plist */,
			);
			path = CanvasTests;
			sourceTree = "<group>";
		};
		5FBFD3DD251EDC78007E651B /* CanvasUITests */ = {
			isa = PBXGroup;
			children = (
				5FBFD3DE251EDC78007E651B /* CanvasUITests.swift */,
				5FBFD3E0251EDC78007E651B /* Info.plist */,
			);
			path = CanvasUITests;
			sourceTree = "<group>";
		};
/* End PBXGroup section */

/* Begin PBXNativeTarget section */
		5FBFD3BC251EDC77007E651B /* Canvas */ = {
			isa = PBXNativeTarget;
			buildConfigurationList = 5FBFD3E3251EDC78007E651B /* Build configuration list for PBXNativeTarget "Canvas" */;
			buildPhases = (
				5FBFD3B9251EDC77007E651B /* Sources */,
				5FBFD3BA251EDC77007E651B /* Frameworks */,
				5FBFD3BB251EDC77007E651B /* Resources */,
			);
			buildRules = (
			);
			dependencies = (
			);
			name = Canvas;
			productName = Canvas;
			productReference = 5FBFD3BD251EDC77007E651B /* Canvas.app */;
			productType = "com.apple.product-type.application";
		};
		5FBFD3CE251EDC78007E651B /* CanvasTests */ = {
			isa = PBXNativeTarget;
			buildConfigurationList = 5FBFD3E6251EDC78007E651B /* Build configuration list for PBXNativeTarget "CanvasTests" */;
			buildPhases = (
				5FBFD3CB251EDC78007E651B /* Sources */,
				5FBFD3CC251EDC78007E651B /* Frameworks */,
				5FBFD3CD251EDC78007E651B /* Resources */,
			);
			buildRules = (
			);
			dependencies = (
				5FBFD3D1251EDC78007E651B /* PBXTargetDependency */,
			);
			name = CanvasTests;
			productName = CanvasTests;
			productReference = 5FBFD3CF251EDC78007E651B /* CanvasTests.xctest */;
			productType = "com.apple.product-type.bundle.unit-test";
		};
		5FBFD3D9251EDC78007E651B /* CanvasUITests */ = {
			isa = PBXNativeTarget;
			buildConfigurationList = 5FBFD3E9251EDC78007E651B /* Build configuration list for PBXNativeTarget "CanvasUITests" */;
			buildPhases = (
				5FBFD3D6251EDC78007E651B /* Sources */,
				5FBFD3D7251EDC78007E651B /* Frameworks */,
				5FBFD3D8251EDC78007E651B /* Resources */,
			);
			buildRules = (
			);
			dependencies = (
				5FBFD3DC251EDC78007E651B /* PBXTargetDependency */,
			);
			name = CanvasUITests;
			productName = CanvasUITests;
			productReference = 5FBFD3DA251EDC78007E651B /* CanvasUITests.xctest */;
			productType = "com.apple.product-type.bundle.ui-testing";
		};
/* End PBXNativeTarget section */

/* Begin PBXProject section */
		5FBFD3B5251EDC77007E651B /* Project object */ = {
			isa = PBXProject;
			attributes = {
				LastSwiftUpdateCheck = 1220;
				LastUpgradeCheck = 1220;
				TargetAttributes = {
					5FBFD3BC251EDC77007E651B = {
						CreatedOnToolsVersion = 12.2;
					};
					5FBFD3CE251EDC78007E651B = {
						CreatedOnToolsVersion = 12.2;
						TestTargetID = 5FBFD3BC251EDC77007E651B;
					};
					5FBFD3D9251EDC78007E651B = {
						CreatedOnToolsVersion = 12.2;
						TestTargetID = 5FBFD3BC251EDC77007E651B;
					};
				};
			};
			buildConfigurationList = 5FBFD3B8251EDC77007E651B /* Build configuration list for PBXProject "Canvas" */;
			compatibilityVersion = "Xcode 9.3";
			developmentRegion = en;
			hasScannedForEncodings = 0;
			knownRegions = (
				en,
				Base,
			);
			mainGroup = 5FBFD3B4251EDC77007E651B;
			productRefGroup = 5FBFD3BE251EDC77007E651B /* Products */;
			projectDirPath = "";
			projectRoot = "";
			targets = (
				5FBFD3BC251EDC77007E651B /* Canvas */,
				5FBFD3CE251EDC78007E651B /* CanvasTests */,
				5FBFD3D9251EDC78007E651B /* CanvasUITests */,
			);
		};
/* End PBXProject section */

/* Begin PBXResourcesBuildPhase section */
		5FBFD3BB251EDC77007E651B /* Resources */ = {
			isa = PBXResourcesBuildPhase;
			buildActionMask = 2147483647;
			files = (
				5FBFD3C8251EDC78007E651B /* Preview Assets.xcassets in Resources */,
				5FBFD3C5251EDC78007E651B /* Assets.xcassets in Resources */,
			);
			runOnlyForDeploymentPostprocessing = 0;
		};
		5FBFD3CD251EDC78007E651B /* Resources */ = {
			isa = PBXResourcesBuildPhase;
			buildActionMask = 2147483647;
			files = (
			);
			runOnlyForDeploymentPostprocessing = 0;
		};
		5FBFD3D8251EDC78007E651B /* Resources */ = {
			isa = PBXResourcesBuildPhase;
			buildActionMask = 2147483647;
			files = (
			);
			runOnlyForDeploymentPostprocessing = 0;
		};
/* End PBXResourcesBuildPhase section */

/* Begin PBXSourcesBuildPhase section */
		5FBFD3B9251EDC77007E651B /* Sources */ = {
			isa = PBXSourcesBuildPhase;
			buildActionMask = 2147483647;
			files = (
				5FBFD3C3251EDC77007E651B /* ContentView.swift in Sources */,
				5FBFD3C1251EDC77007E651B /* CanvasApp.swift in Sources */,
			);
			runOnlyForDeploymentPostprocessing = 0;
		};
		5FBFD3CB251EDC78007E651B /* Sources */ = {
			isa = PBXSourcesBuildPhase;
			buildActionMask = 2147483647;
			files = (
				5FBFD3D4251EDC78007E651B /* CanvasTests.swift in Sources */,
			);
			runOnlyForDeploymentPostprocessing = 0;
		};
		5FBFD3D6251EDC78007E651B /* Sources */ = {
			isa = PBXSourcesBuildPhase;
			buildActionMask = 2147483647;
			files = (
				5FBFD3DF251EDC78007E651B /* CanvasUITests.swift in Sources */,
			);
			runOnlyForDeploymentPostprocessing = 0;
		};
/* End PBXSourcesBuildPhase section */

/* Begin PBXTargetDependency section */
		5FBFD3D1251EDC78007E651B /* PBXTargetDependency */ = {
			isa = PBXTargetDependency;
			target = 5FBFD3BC251EDC77007E651B /* Canvas */;
			targetProxy = 5FBFD3D0251EDC78007E651B /* PBXContainerItemProxy */;
		};
		5FBFD3DC251EDC78007E651B /* PBXTargetDependency */ = {
			isa = PBXTargetDependency;
			target = 5FBFD3BC251EDC77007E651B /* Canvas */;
			targetProxy = 5FBFD3DB251EDC78007E651B /* PBXContainerItemProxy */;
		};
/* End PBXTargetDependency section */

/* Begin XCBuildConfiguration section */
		5FBFD3E1251EDC78007E651B /* Debug */ = {
			isa = XCBuildConfiguration;
			buildSettings = {
				ALWAYS_SEARCH_USER_PATHS = NO;
				CLANG_ANALYZER_NONNULL = YES;
				CLANG_ANALYZER_NUMBER_OBJECT_CONVERSION = YES_AGGRESSIVE;
				CLANG_CXX_LANGUAGE_STANDARD = "gnu++14";
				CLANG_CXX_LIBRARY = "libc++";
				CLANG_ENABLE_MODULES = YES;
				CLANG_ENABLE_OBJC_ARC = YES;
				CLANG_ENABLE_OBJC_WEAK = YES;
				CLANG_WARN_BLOCK_CAPTURE_AUTORELEASING = YES;
				CLANG_WARN_BOOL_CONVERSION = YES;
				CLANG_WARN_COMMA = YES;
				CLANG_WARN_CONSTANT_CONVERSION = YES;
				CLANG_WARN_DEPRECATED_OBJC_IMPLEMENTATIONS = YES;
				CLANG_WARN_DIRECT_OBJC_ISA_USAGE = YES_ERROR;
				CLANG_WARN_DOCUMENTATION_COMMENTS = YES;
				CLANG_WARN_EMPTY_BODY = YES;
				CLANG_WARN_ENUM_CONVERSION = YES;
				CLANG_WARN_INFINITE_RECURSION = YES;
				CLANG_WARN_INT_CONVERSION = YES;
				CLANG_WARN_NON_LITERAL_NULL_CONVERSION = YES;
				CLANG_WARN_OBJC_IMPLICIT_RETAIN_SELF = YES;
				CLANG_WARN_OBJC_LITERAL_CONVERSION = YES;
				CLANG_WARN_OBJC_ROOT_CLASS = YES_ERROR;
				CLANG_WARN_QUOTED_INCLUDE_IN_FRAMEWORK_HEADER = YES;
				CLANG_WARN_RANGE_LOOP_ANALYSIS = YES;
				CLANG_WARN_STRICT_PROTOTYPES = YES;
				CLANG_WARN_SUSPICIOUS_MOVE = YES;
				CLANG_WARN_UNGUARDED_AVAILABILITY = YES_AGGRESSIVE;
				CLANG_WARN_UNREACHABLE_CODE = YES;
				CLANG_WARN__DUPLICATE_METHOD_MATCH = YES;
				COPY_PHASE_STRIP = NO;
				DEBUG_INFORMATION_FORMAT = dwarf;
				ENABLE_STRICT_OBJC_MSGSEND = YES;
				ENABLE_TESTABILITY = YES;
				GCC_C_LANGUAGE_STANDARD = gnu11;
				GCC_DYNAMIC_NO_PIC = NO;
				GCC_NO_COMMON_BLOCKS = YES;
				GCC_OPTIMIZATION_LEVEL = 0;
				GCC_PREPROCESSOR_DEFINITIONS = (
					"DEBUG=1",
					"$(inherited)",
				);
				GCC_WARN_64_TO_32_BIT_CONVERSION = YES;
				GCC_WARN_ABOUT_RETURN_TYPE = YES_ERROR;
				GCC_WARN_UNDECLARED_SELECTOR = YES;
				GCC_WARN_UNINITIALIZED_AUTOS = YES_AGGRESSIVE;
				GCC_WARN_UNUSED_FUNCTION = YES;
				GCC_WARN_UNUSED_VARIABLE = YES;
				MACOSX_DEPLOYMENT_TARGET = 11.0;
				MTL_ENABLE_DEBUG_INFO = INCLUDE_SOURCE;
				MTL_FAST_MATH = YES;
				ONLY_ACTIVE_ARCH = YES;
				SDKROOT = macosx;
				SWIFT_ACTIVE_COMPILATION_CONDITIONS = DEBUG;
				SWIFT_OPTIMIZATION_LEVEL = "-Onone";
			};
			name = Debug;
		};
		5FBFD3E2251EDC78007E651B /* Release */ = {
			isa = XCBuildConfiguration;
			buildSettings = {
				ALWAYS_SEARCH_USER_PATHS = NO;
				CLANG_ANALYZER_NONNULL = YES;
				CLANG_ANALYZER_NUMBER_OBJECT_CONVERSION = YES_AGGRESSIVE;
				CLANG_CXX_LANGUAGE_STANDARD = "gnu++14";
				CLANG_CXX_LIBRARY = "libc++";
				CLANG_ENABLE_MODULES = YES;
				CLANG_ENABLE_OBJC_ARC = YES;
				CLANG_ENABLE_OBJC_WEAK = YES;
				CLANG_WARN_BLOCK_CAPTURE_AUTORELEASING = YES;
				CLANG_WARN_BOOL_CONVERSION = YES;
				CLANG_WARN_COMMA = YES;
				CLANG_WARN_CONSTANT_CONVERSION = YES;
				CLANG_WARN_DEPRECATED_OBJC_IMPLEMENTATIONS = YES;
				CLANG_WARN_DIRECT_OBJC_ISA_USAGE = YES_ERROR;
				CLANG_WARN_DOCUMENTATION_COMMENTS = YES;
				CLANG_WARN_EMPTY_BODY = YES;
				CLANG_WARN_ENUM_CONVERSION = YES;
				CLANG_WARN_INFINITE_RECURSION = YES;
				CLANG_WARN_INT_CONVERSION = YES;
				CLANG_WARN_NON_LITERAL_NULL_CONVERSION = YES;
				CLANG_WARN_OBJC_IMPLICIT_RETAIN_SELF = YES;
				CLANG_WARN_OBJC_LITERAL_CONVERSION = YES;
				CLANG_WARN_OBJC_ROOT_CLASS = YES_ERROR;
				CLANG_WARN_QUOTED_INCLUDE_IN_FRAMEWORK_HEADER = YES;
				CLANG_WARN_RANGE_LOOP_ANALYSIS = YES;
				CLANG_WARN_STRICT_PROTOTYPES = YES;
				CLANG_WARN_SUSPICIOUS_MOVE = YES;
				CLANG_WARN_UNGUARDED_AVAILABILITY = YES_AGGRESSIVE;
				CLANG_WARN_UNREACHABLE_CODE = YES;
				CLANG_WARN__DUPLICATE_METHOD_MATCH = YES;
				COPY_PHASE_STRIP = NO;
				DEBUG_INFORMATION_FORMAT = "dwarf-with-dsym";
				ENABLE_NS_ASSERTIONS = NO;
				ENABLE_STRICT_OBJC_MSGSEND = YES;
				GCC_C_LANGUAGE_STANDARD = gnu11;
				GCC_NO_COMMON_BLOCKS = YES;
				GCC_WARN_64_TO_32_BIT_CONVERSION = YES;
				GCC_WARN_ABOUT_RETURN_TYPE = YES_ERROR;
				GCC_WARN_UNDECLARED_SELECTOR = YES;
				GCC_WARN_UNINITIALIZED_AUTOS = YES_AGGRESSIVE;
				GCC_WARN_UNUSED_FUNCTION = YES;
				GCC_WARN_UNUSED_VARIABLE = YES;
				MACOSX_DEPLOYMENT_TARGET = 11.0;
				MTL_ENABLE_DEBUG_INFO = NO;
				MTL_FAST_MATH = YES;
				SDKROOT = macosx;
				SWIFT_COMPILATION_MODE = wholemodule;
				SWIFT_OPTIMIZATION_LEVEL = "-O";
			};
			name = Release;
		};
		5FBFD3E4251EDC78007E651B /* Debug */ = {
			isa = XCBuildConfiguration;
			buildSettings = {
				ASSETCATALOG_COMPILER_APPICON_NAME = AppIcon;
				ASSETCATALOG_COMPILER_GLOBAL_ACCENT_COLOR_NAME = AccentColor;
				CODE_SIGN_ENTITLEMENTS = Canvas/Canvas.entitlements;
				CODE_SIGN_STYLE = Automatic;
				COMBINE_HIDPI_IMAGES = YES;
				DEVELOPMENT_ASSET_PATHS = "\"Canvas/Preview Content\"";
				DEVELOPMENT_TEAM = 8CPHKV97KA;
				ENABLE_HARDENED_RUNTIME = YES;
				ENABLE_PREVIEWS = YES;
				INFOPLIST_FILE = Canvas/Info.plist;
				LD_RUNPATH_SEARCH_PATHS = (
					"$(inherited)",
					"@executable_path/../Frameworks",
				);
				MACOSX_DEPLOYMENT_TARGET = 11.0;
				PRODUCT_BUNDLE_IDENTIFIER = com.malcolminyo.Canvas;
				PRODUCT_NAME = "$(TARGET_NAME)";
				SWIFT_VERSION = 5.0;
			};
			name = Debug;
		};
		5FBFD3E5251EDC78007E651B /* Release */ = {
			isa = XCBuildConfiguration;
			buildSettings = {
				ASSETCATALOG_COMPILER_APPICON_NAME = AppIcon;
				ASSETCATALOG_COMPILER_GLOBAL_ACCENT_COLOR_NAME = AccentColor;
				CODE_SIGN_ENTITLEMENTS = Canvas/Canvas.entitlements;
				CODE_SIGN_STYLE = Automatic;
				COMBINE_HIDPI_IMAGES = YES;
				DEVELOPMENT_ASSET_PATHS = "\"Canvas/Preview Content\"";
				DEVELOPMENT_TEAM = 8CPHKV97KA;
				ENABLE_HARDENED_RUNTIME = YES;
				ENABLE_PREVIEWS = YES;
				INFOPLIST_FILE = Canvas/Info.plist;
				LD_RUNPATH_SEARCH_PATHS = (
					"$(inherited)",
					"@executable_path/../Frameworks",
				);
				MACOSX_DEPLOYMENT_TARGET = 11.0;
				PRODUCT_BUNDLE_IDENTIFIER = com.malcolminyo.Canvas;
				PRODUCT_NAME = "$(TARGET_NAME)";
				SWIFT_VERSION = 5.0;
			};
			name = Release;
		};
		5FBFD3E7251EDC78007E651B /* Debug */ = {
			isa = XCBuildConfiguration;
			buildSettings = {
				ALWAYS_EMBED_SWIFT_STANDARD_LIBRARIES = YES;
				BUNDLE_LOADER = "$(TEST_HOST)";
				CODE_SIGN_STYLE = Automatic;
				COMBINE_HIDPI_IMAGES = YES;
				DEVELOPMENT_TEAM = 8CPHKV97KA;
				INFOPLIST_FILE = CanvasTests/Info.plist;
				LD_RUNPATH_SEARCH_PATHS = (
					"$(inherited)",
					"@executable_path/../Frameworks",
					"@loader_path/../Frameworks",
				);
				MACOSX_DEPLOYMENT_TARGET = 11.0;
				PRODUCT_BUNDLE_IDENTIFIER = com.malcolminyo.CanvasTests;
				PRODUCT_NAME = "$(TARGET_NAME)";
				SWIFT_VERSION = 5.0;
				TEST_HOST = "$(BUILT_PRODUCTS_DIR)/Canvas.app/Contents/MacOS/Canvas";
			};
			name = Debug;
		};
		5FBFD3E8251EDC78007E651B /* Release */ = {
			isa = XCBuildConfiguration;
			buildSettings = {
				ALWAYS_EMBED_SWIFT_STANDARD_LIBRARIES = YES;
				BUNDLE_LOADER = "$(TEST_HOST)";
				CODE_SIGN_STYLE = Automatic;
				COMBINE_HIDPI_IMAGES = YES;
				DEVELOPMENT_TEAM = 8CPHKV97KA;
				INFOPLIST_FILE = CanvasTests/Info.plist;
				LD_RUNPATH_SEARCH_PATHS = (
					"$(inherited)",
					"@executable_path/../Frameworks",
					"@loader_path/../Frameworks",
				);
				MACOSX_DEPLOYMENT_TARGET = 11.0;
				PRODUCT_BUNDLE_IDENTIFIER = com.malcolminyo.CanvasTests;
				PRODUCT_NAME = "$(TARGET_NAME)";
				SWIFT_VERSION = 5.0;
				TEST_HOST = "$(BUILT_PRODUCTS_DIR)/Canvas.app/Contents/MacOS/Canvas";
			};
			name = Release;
		};
		5FBFD3EA251EDC78007E651B /* Debug */ = {
			isa = XCBuildConfiguration;
			buildSettings = {
				ALWAYS_EMBED_SWIFT_STANDARD_LIBRARIES = YES;
				CODE_SIGN_STYLE = Automatic;
				COMBINE_HIDPI_IMAGES = YES;
				DEVELOPMENT_TEAM = 8CPHKV97KA;
				INFOPLIST_FILE = CanvasUITests/Info.plist;
				LD_RUNPATH_SEARCH_PATHS = (
					"$(inherited)",
					"@executable_path/../Frameworks",
					"@loader_path/../Frameworks",
				);
				PRODUCT_BUNDLE_IDENTIFIER = com.malcolminyo.CanvasUITests;
				PRODUCT_NAME = "$(TARGET_NAME)";
				SWIFT_VERSION = 5.0;
				TEST_TARGET_NAME = Canvas;
			};
			name = Debug;
		};
		5FBFD3EB251EDC78007E651B /* Release */ = {
			isa = XCBuildConfiguration;
			buildSettings = {
				ALWAYS_EMBED_SWIFT_STANDARD_LIBRARIES = YES;
				CODE_SIGN_STYLE = Automatic;
				COMBINE_HIDPI_IMAGES = YES;
				DEVELOPMENT_TEAM = 8CPHKV97KA;
				INFOPLIST_FILE = CanvasUITests/Info.plist;
				LD_RUNPATH_SEARCH_PATHS = (
					"$(inherited)",
					"@executable_path/../Frameworks",
					"@loader_path/../Frameworks",
				);
				PRODUCT_BUNDLE_IDENTIFIER = com.malcolminyo.CanvasUITests;
				PRODUCT_NAME = "$(TARGET_NAME)";
				SWIFT_VERSION = 5.0;
				TEST_TARGET_NAME = Canvas;
			};
			name = Release;
		};
/* End XCBuildConfiguration section */

/* Begin XCConfigurationList section */
		5FBFD3B8251EDC77007E651B /* Build configuration list for PBXProject "Canvas" */ = {
			isa = XCConfigurationList;
			buildConfigurations = (
				5FBFD3E1251EDC78007E651B /* Debug */,
				5FBFD3E2251EDC78007E651B /* Release */,
			);
			defaultConfigurationIsVisible = 0;
			defaultConfigurationName = Release;
		};
		5FBFD3E3251EDC78007E651B /* Build configuration list for PBXNativeTarget "Canvas" */ = {
			isa = XCConfigurationList;
			buildConfigurations = (
				5FBFD3E4251EDC78007E651B /* Debug */,
				5FBFD3E5251EDC78007E651B /* Release */,
			);
			defaultConfigurationIsVisible = 0;
			defaultConfigurationName = Release;
		};
		5FBFD3E6251EDC78007E651B /* Build configuration list for PBXNativeTarget "CanvasTests" */ = {
			isa = XCConfigurationList;
			buildConfigurations = (
				5FBFD3E7251EDC78007E651B /* Debug */,
				5FBFD3E8251EDC78007E651B /* Release */,
			);
			defaultConfigurationIsVisible = 0;
			defaultConfigurationName = Release;
		};
		5FBFD3E9251EDC78007E651B /* Build configuration list for PBXNativeTarget "CanvasUITests" */ = {
			isa = XCConfigurationList;
			buildConfigurations = (
				5FBFD3EA251EDC78007E651B /* Debug */,
				5FBFD3EB251EDC78007E651B /* Release */,
			);
			defaultConfigurationIsVisible = 0;
			defaultConfigurationName = Release;
		};
/* End XCConfigurationList section */
	};
	rootObject = 5FBFD3B5251EDC77007E651B /* Project object */;
}
