// !$*UTF8*$!
{
	archiveVersion = 1;
	classes = {
	};
	objectVersion = 52;
	objects = {

/* Begin PBXBuildFile section */
		5F03E89F25D8746A00F08254 /* CourseLike.swift in Sources */ = {isa = PBXBuildFile; fileRef = 5F03E89E25D8746A00F08254 /* CourseLike.swift */; };
		5F03E8A325D8747F00F08254 /* CourseLike.swift in Sources */ = {isa = PBXBuildFile; fileRef = 5F03E89E25D8746A00F08254 /* CourseLike.swift */; };
		5F03E8A825D8A05B00F08254 /* LoginView.swift in Sources */ = {isa = PBXBuildFile; fileRef = 5F03E8A725D8A05B00F08254 /* LoginView.swift */; };
		5F03E8AD25D8A7A000F08254 /* Domain.swift in Sources */ = {isa = PBXBuildFile; fileRef = 5F03E8AC25D8A7A000F08254 /* Domain.swift */; };
		5F03E8B125D8A9D400F08254 /* Domain.swift in Sources */ = {isa = PBXBuildFile; fileRef = 5F03E8AC25D8A7A000F08254 /* Domain.swift */; };
		5F21A6F025D745EF00769AF7 /* CanvasGroup.swift in Sources */ = {isa = PBXBuildFile; fileRef = 5F5FC7C225D73EA20087E602 /* CanvasGroup.swift */; };
		5F301E1725BE186D00A6ECCB /* AssignmentGroup.swift in Sources */ = {isa = PBXBuildFile; fileRef = 5F301E1625BE186D00A6ECCB /* AssignmentGroup.swift */; };
		5F301E4B25BE317700A6ECCB /* Extensions.swift in Sources */ = {isa = PBXBuildFile; fileRef = 5F301E4A25BE317700A6ECCB /* Extensions.swift */; };
		5F301E7025BE3B4200A6ECCB /* WidgetKit.framework in Frameworks */ = {isa = PBXBuildFile; fileRef = 5F301E1F25BE2DEE00A6ECCB /* WidgetKit.framework */; };
		5F301E7125BE3B4200A6ECCB /* SwiftUI.framework in Frameworks */ = {isa = PBXBuildFile; fileRef = 5F301E2125BE2DEE00A6ECCB /* SwiftUI.framework */; };
		5F301E7425BE3B4300A6ECCB /* Canvas_Static_Widgets.swift in Sources */ = {isa = PBXBuildFile; fileRef = 5F301E7325BE3B4300A6ECCB /* Canvas_Static_Widgets.swift */; };
		5F301E7625BE3B4300A6ECCB /* Assets.xcassets in Resources */ = {isa = PBXBuildFile; fileRef = 5F301E7525BE3B4300A6ECCB /* Assets.xcassets */; };
		5F301E7B25BE3B4300A6ECCB /* Canvas Static WidgetsExtension.appex in Embed App Extensions */ = {isa = PBXBuildFile; fileRef = 5F301E6F25BE3B4200A6ECCB /* Canvas Static WidgetsExtension.appex */; settings = {ATTRIBUTES = (RemoveHeadersOnCopy, ); }; };
		5F301E8325BE3BF200A6ECCB /* WidgetManager.swift in Sources */ = {isa = PBXBuildFile; fileRef = 5F301E5B25BE375300A6ECCB /* WidgetManager.swift */; };
		5F301E8825BE3BFF00A6ECCB /* CanvasAPI.swift in Sources */ = {isa = PBXBuildFile; fileRef = 5F879922251FD6BD009904BC /* CanvasAPI.swift */; };
		5F301E8D25BE3C0400A6ECCB /* Tab.swift in Sources */ = {isa = PBXBuildFile; fileRef = 5F91BEB125B89970009B1BD9 /* Tab.swift */; };
		5F301E8E25BE3C0400A6ECCB /* DiscussionTopic.swift in Sources */ = {isa = PBXBuildFile; fileRef = 5F50A9E225B5409B00DD255B /* DiscussionTopic.swift */; };
		5F301E8F25BE3C0400A6ECCB /* AssignmentGroup.swift in Sources */ = {isa = PBXBuildFile; fileRef = 5F301E1625BE186D00A6ECCB /* AssignmentGroup.swift */; };
		5F301E9025BE3C0400A6ECCB /* Course.swift in Sources */ = {isa = PBXBuildFile; fileRef = 5F87992D251FDA1A009904BC /* Course.swift */; };
		5F301E9125BE3C0400A6ECCB /* Assignment.swift in Sources */ = {isa = PBXBuildFile; fileRef = 5FA7223325BD3962007D05E0 /* Assignment.swift */; };
		5F301E9225BE3C0400A6ECCB /* Enrollment.swift in Sources */ = {isa = PBXBuildFile; fileRef = 5F50A9D125B51D1400DD255B /* Enrollment.swift */; };
		5F301E9325BE3C0400A6ECCB /* Module.swift in Sources */ = {isa = PBXBuildFile; fileRef = 5F879935251FE5B9009904BC /* Module.swift */; };
		5F301E9425BE3C0400A6ECCB /* User.swift in Sources */ = {isa = PBXBuildFile; fileRef = 5F9D16E425B601A20098F1E4 /* User.swift */; };
		5F301E9E25BE3C9100A6ECCB /* Manager.swift in Sources */ = {isa = PBXBuildFile; fileRef = 5F879926251FD72F009904BC /* Manager.swift */; };
		5F301EA325BE3C9A00A6ECCB /* Extensions.swift in Sources */ = {isa = PBXBuildFile; fileRef = 5F301E4A25BE317700A6ECCB /* Extensions.swift */; };
		5F301EA825BE3CB400A6ECCB /* token.txt in Resources */ = {isa = PBXBuildFile; fileRef = 5FBFD3F4251EF537007E651B /* token.txt */; };
		5F301EAE25BE3CD400A6ECCB /* Alamofire in Frameworks */ = {isa = PBXBuildFile; productRef = 5F301EAD25BE3CD400A6ECCB /* Alamofire */; };
		5F50A9D225B51D1400DD255B /* Enrollment.swift in Sources */ = {isa = PBXBuildFile; fileRef = 5F50A9D125B51D1400DD255B /* Enrollment.swift */; };
		5F50A9DF25B52F7400DD255B /* AnnouncementsView.swift in Sources */ = {isa = PBXBuildFile; fileRef = 5F50A9DE25B52F7400DD255B /* AnnouncementsView.swift */; };
		5F50A9E325B5409B00DD255B /* DiscussionTopic.swift in Sources */ = {isa = PBXBuildFile; fileRef = 5F50A9E225B5409B00DD255B /* DiscussionTopic.swift */; };
		5F5FC7D025D7454F0087E602 /* CanvasGroup.swift in Sources */ = {isa = PBXBuildFile; fileRef = 5F5FC7C225D73EA20087E602 /* CanvasGroup.swift */; };
		5F780A8825D98CC00023C0CB /* SwiftyJSON in Frameworks */ = {isa = PBXBuildFile; productRef = 5F780A8725D98CC00023C0CB /* SwiftyJSON */; };
		5F780A8D25D98D570023C0CB /* SwiftyJSON in Frameworks */ = {isa = PBXBuildFile; productRef = 5F780A8C25D98D570023C0CB /* SwiftyJSON */; };
		5F879923251FD6BD009904BC /* CanvasAPI.swift in Sources */ = {isa = PBXBuildFile; fileRef = 5F879922251FD6BD009904BC /* CanvasAPI.swift */; };
		5F879927251FD72F009904BC /* Manager.swift in Sources */ = {isa = PBXBuildFile; fileRef = 5F879926251FD72F009904BC /* Manager.swift */; };
		5F87992E251FDA1A009904BC /* Course.swift in Sources */ = {isa = PBXBuildFile; fileRef = 5F87992D251FDA1A009904BC /* Course.swift */; };
		5F879932251FE382009904BC /* CourseLikeView.swift in Sources */ = {isa = PBXBuildFile; fileRef = 5F879931251FE382009904BC /* CourseLikeView.swift */; };
		5F879936251FE5B9009904BC /* Module.swift in Sources */ = {isa = PBXBuildFile; fileRef = 5F879935251FE5B9009904BC /* Module.swift */; };
		5F91BEB225B89970009B1BD9 /* Tab.swift in Sources */ = {isa = PBXBuildFile; fileRef = 5F91BEB125B89970009B1BD9 /* Tab.swift */; };
		5F91BEB625B8A292009B1BD9 /* TabItemView.swift in Sources */ = {isa = PBXBuildFile; fileRef = 5F91BEB525B8A292009B1BD9 /* TabItemView.swift */; };
		5F9D16E125B5FFDB0098F1E4 /* PeopleView.swift in Sources */ = {isa = PBXBuildFile; fileRef = 5F9D16E025B5FFDB0098F1E4 /* PeopleView.swift */; };
		5F9D16E525B601A20098F1E4 /* User.swift in Sources */ = {isa = PBXBuildFile; fileRef = 5F9D16E425B601A20098F1E4 /* User.swift */; };
		5F9D16F525B616F70098F1E4 /* SDWebImageSwiftUI in Frameworks */ = {isa = PBXBuildFile; productRef = 5F9D16F425B616F70098F1E4 /* SDWebImageSwiftUI */; };
		5F9D16FC25B617430098F1E4 /* Alamofire in Frameworks */ = {isa = PBXBuildFile; productRef = 5F9D16FB25B617430098F1E4 /* Alamofire */; };
		5FA7222825BD1B51007D05E0 /* SinglePersonView.swift in Sources */ = {isa = PBXBuildFile; fileRef = 5FA7222725BD1B51007D05E0 /* SinglePersonView.swift */; };
		5FA7222C25BD2F08007D05E0 /* DashboardView.swift in Sources */ = {isa = PBXBuildFile; fileRef = 5FA7222B25BD2F08007D05E0 /* DashboardView.swift */; };
		5FA7223025BD35A4007D05E0 /* GradesView.swift in Sources */ = {isa = PBXBuildFile; fileRef = 5FA7222F25BD35A4007D05E0 /* GradesView.swift */; };
		5FA7223425BD3962007D05E0 /* Assignment.swift in Sources */ = {isa = PBXBuildFile; fileRef = 5FA7223325BD3962007D05E0 /* Assignment.swift */; };
		5FB2199E25B7A49000428CC3 /* CustomizeCourseView.swift in Sources */ = {isa = PBXBuildFile; fileRef = 5FB2199D25B7A49000428CC3 /* CustomizeCourseView.swift */; };
		5FB2F6E625CA1FED00256962 /* AssignmentsView.swift in Sources */ = {isa = PBXBuildFile; fileRef = 5FB2F6E525CA1FED00256962 /* AssignmentsView.swift */; };
		5FB710D825CB2CB80067D348 /* QuizzesView.swift in Sources */ = {isa = PBXBuildFile; fileRef = 5FB710D725CB2CB80067D348 /* QuizzesView.swift */; };
		5FB710E025CB36200067D348 /* DiscussionTopicsView.swift in Sources */ = {isa = PBXBuildFile; fileRef = 5FB710DF25CB36200067D348 /* DiscussionTopicsView.swift */; };
		5FBFD3C1251EDC77007E651B /* CanvasApp.swift in Sources */ = {isa = PBXBuildFile; fileRef = 5FBFD3C0251EDC77007E651B /* CanvasApp.swift */; };
		5FBFD3C3251EDC77007E651B /* ContentView.swift in Sources */ = {isa = PBXBuildFile; fileRef = 5FBFD3C2251EDC77007E651B /* ContentView.swift */; };
		5FBFD3C5251EDC78007E651B /* Assets.xcassets in Resources */ = {isa = PBXBuildFile; fileRef = 5FBFD3C4251EDC78007E651B /* Assets.xcassets */; };
		5FBFD3C8251EDC78007E651B /* Preview Assets.xcassets in Resources */ = {isa = PBXBuildFile; fileRef = 5FBFD3C7251EDC78007E651B /* Preview Assets.xcassets */; };
		5FBFD3D4251EDC78007E651B /* CanvasTests.swift in Sources */ = {isa = PBXBuildFile; fileRef = 5FBFD3D3251EDC78007E651B /* CanvasTests.swift */; };
		5FBFD3DF251EDC78007E651B /* CanvasUITests.swift in Sources */ = {isa = PBXBuildFile; fileRef = 5FBFD3DE251EDC78007E651B /* CanvasUITests.swift */; };
		5FBFD3F0251EE3B2007E651B /* Dashboard.swift in Sources */ = {isa = PBXBuildFile; fileRef = 5FBFD3EF251EE3B2007E651B /* Dashboard.swift */; };
		5FBFD3F5251EF537007E651B /* token.txt in Resources */ = {isa = PBXBuildFile; fileRef = 5FBFD3F4251EF537007E651B /* token.txt */; };
/* End PBXBuildFile section */

/* Begin PBXContainerItemProxy section */
		5F301E7925BE3B4300A6ECCB /* PBXContainerItemProxy */ = {
			isa = PBXContainerItemProxy;
			containerPortal = 5FBFD3B5251EDC77007E651B /* Project object */;
			proxyType = 1;
			remoteGlobalIDString = 5F301E6E25BE3B4200A6ECCB;
			remoteInfo = "Canvas Static WidgetsExtension";
		};
		5FBFD3D0251EDC78007E651B /* PBXContainerItemProxy */ = {
			isa = PBXContainerItemProxy;
			containerPortal = 5FBFD3B5251EDC77007E651B /* Project object */;
			proxyType = 1;
			remoteGlobalIDString = 5FBFD3BC251EDC77007E651B;
			remoteInfo = Canvas;
		};
		5FBFD3DB251EDC78007E651B /* PBXContainerItemProxy */ = {
			isa = PBXContainerItemProxy;
			containerPortal = 5FBFD3B5251EDC77007E651B /* Project object */;
			proxyType = 1;
			remoteGlobalIDString = 5FBFD3BC251EDC77007E651B;
			remoteInfo = Canvas;
		};
/* End PBXContainerItemProxy section */

/* Begin PBXCopyFilesBuildPhase section */
		5F301E3325BE2DF000A6ECCB /* Embed App Extensions */ = {
			isa = PBXCopyFilesBuildPhase;
			buildActionMask = 2147483647;
			dstPath = "";
			dstSubfolderSpec = 13;
			files = (
				5F301E7B25BE3B4300A6ECCB /* Canvas Static WidgetsExtension.appex in Embed App Extensions */,
			);
			name = "Embed App Extensions";
			runOnlyForDeploymentPostprocessing = 0;
		};
		5F879918251FD671009904BC /* Embed Frameworks */ = {
			isa = PBXCopyFilesBuildPhase;
			buildActionMask = 2147483647;
			dstPath = "";
			dstSubfolderSpec = 10;
			files = (
			);
			name = "Embed Frameworks";
			runOnlyForDeploymentPostprocessing = 0;
		};
/* End PBXCopyFilesBuildPhase section */

/* Begin PBXFileReference section */
		5F03E89E25D8746A00F08254 /* CourseLike.swift */ = {isa = PBXFileReference; lastKnownFileType = sourcecode.swift; path = CourseLike.swift; sourceTree = "<group>"; };
		5F03E8A725D8A05B00F08254 /* LoginView.swift */ = {isa = PBXFileReference; lastKnownFileType = sourcecode.swift; path = LoginView.swift; sourceTree = "<group>"; };
		5F03E8AC25D8A7A000F08254 /* Domain.swift */ = {isa = PBXFileReference; lastKnownFileType = sourcecode.swift; path = Domain.swift; sourceTree = "<group>"; };
		5F301E1625BE186D00A6ECCB /* AssignmentGroup.swift */ = {isa = PBXFileReference; lastKnownFileType = sourcecode.swift; path = AssignmentGroup.swift; sourceTree = "<group>"; };
		5F301E1F25BE2DEE00A6ECCB /* WidgetKit.framework */ = {isa = PBXFileReference; lastKnownFileType = wrapper.framework; name = WidgetKit.framework; path = System/Library/Frameworks/WidgetKit.framework; sourceTree = SDKROOT; };
		5F301E2125BE2DEE00A6ECCB /* SwiftUI.framework */ = {isa = PBXFileReference; lastKnownFileType = wrapper.framework; name = SwiftUI.framework; path = System/Library/Frameworks/SwiftUI.framework; sourceTree = SDKROOT; };
		5F301E4A25BE317700A6ECCB /* Extensions.swift */ = {isa = PBXFileReference; lastKnownFileType = sourcecode.swift; path = Extensions.swift; sourceTree = "<group>"; };
		5F301E5B25BE375300A6ECCB /* WidgetManager.swift */ = {isa = PBXFileReference; lastKnownFileType = sourcecode.swift; path = WidgetManager.swift; sourceTree = "<group>"; };
		5F301E6F25BE3B4200A6ECCB /* Canvas Static WidgetsExtension.appex */ = {isa = PBXFileReference; explicitFileType = "wrapper.app-extension"; includeInIndex = 0; path = "Canvas Static WidgetsExtension.appex"; sourceTree = BUILT_PRODUCTS_DIR; };
		5F301E7325BE3B4300A6ECCB /* Canvas_Static_Widgets.swift */ = {isa = PBXFileReference; lastKnownFileType = sourcecode.swift; path = Canvas_Static_Widgets.swift; sourceTree = "<group>"; };
		5F301E7525BE3B4300A6ECCB /* Assets.xcassets */ = {isa = PBXFileReference; lastKnownFileType = folder.assetcatalog; path = Assets.xcassets; sourceTree = "<group>"; };
		5F301E7725BE3B4300A6ECCB /* Info.plist */ = {isa = PBXFileReference; lastKnownFileType = text.plist.xml; path = Info.plist; sourceTree = "<group>"; };
		5F301E7825BE3B4300A6ECCB /* Canvas_Static_Widgets.entitlements */ = {isa = PBXFileReference; lastKnownFileType = text.plist.entitlements; path = Canvas_Static_Widgets.entitlements; sourceTree = "<group>"; };
		5F50A9D125B51D1400DD255B /* Enrollment.swift */ = {isa = PBXFileReference; lastKnownFileType = sourcecode.swift; path = Enrollment.swift; sourceTree = "<group>"; };
		5F50A9DE25B52F7400DD255B /* AnnouncementsView.swift */ = {isa = PBXFileReference; lastKnownFileType = sourcecode.swift; path = AnnouncementsView.swift; sourceTree = "<group>"; };
		5F50A9E225B5409B00DD255B /* DiscussionTopic.swift */ = {isa = PBXFileReference; lastKnownFileType = sourcecode.swift; path = DiscussionTopic.swift; sourceTree = "<group>"; };
		5F5FC7C225D73EA20087E602 /* CanvasGroup.swift */ = {isa = PBXFileReference; lastKnownFileType = sourcecode.swift; path = CanvasGroup.swift; sourceTree = "<group>"; };
		5F879922251FD6BD009904BC /* CanvasAPI.swift */ = {isa = PBXFileReference; lastKnownFileType = sourcecode.swift; path = CanvasAPI.swift; sourceTree = "<group>"; };
		5F879926251FD72F009904BC /* Manager.swift */ = {isa = PBXFileReference; lastKnownFileType = sourcecode.swift; path = Manager.swift; sourceTree = "<group>"; };
		5F87992D251FDA1A009904BC /* Course.swift */ = {isa = PBXFileReference; lastKnownFileType = sourcecode.swift; path = Course.swift; sourceTree = "<group>"; };
		5F879931251FE382009904BC /* CourseLikeView.swift */ = {isa = PBXFileReference; lastKnownFileType = sourcecode.swift; path = CourseLikeView.swift; sourceTree = "<group>"; };
		5F879935251FE5B9009904BC /* Module.swift */ = {isa = PBXFileReference; lastKnownFileType = sourcecode.swift; path = Module.swift; sourceTree = "<group>"; };
		5F91BEB125B89970009B1BD9 /* Tab.swift */ = {isa = PBXFileReference; lastKnownFileType = sourcecode.swift; path = Tab.swift; sourceTree = "<group>"; };
		5F91BEB525B8A292009B1BD9 /* TabItemView.swift */ = {isa = PBXFileReference; lastKnownFileType = sourcecode.swift; path = TabItemView.swift; sourceTree = "<group>"; };
		5F9D16E025B5FFDB0098F1E4 /* PeopleView.swift */ = {isa = PBXFileReference; lastKnownFileType = sourcecode.swift; path = PeopleView.swift; sourceTree = "<group>"; };
		5F9D16E425B601A20098F1E4 /* User.swift */ = {isa = PBXFileReference; lastKnownFileType = sourcecode.swift; path = User.swift; sourceTree = "<group>"; };
		5FA7222725BD1B51007D05E0 /* SinglePersonView.swift */ = {isa = PBXFileReference; lastKnownFileType = sourcecode.swift; path = SinglePersonView.swift; sourceTree = "<group>"; };
		5FA7222B25BD2F08007D05E0 /* DashboardView.swift */ = {isa = PBXFileReference; lastKnownFileType = sourcecode.swift; path = DashboardView.swift; sourceTree = "<group>"; };
		5FA7222F25BD35A4007D05E0 /* GradesView.swift */ = {isa = PBXFileReference; lastKnownFileType = sourcecode.swift; path = GradesView.swift; sourceTree = "<group>"; };
		5FA7223325BD3962007D05E0 /* Assignment.swift */ = {isa = PBXFileReference; lastKnownFileType = sourcecode.swift; path = Assignment.swift; sourceTree = "<group>"; };
		5FB2199D25B7A49000428CC3 /* CustomizeCourseView.swift */ = {isa = PBXFileReference; lastKnownFileType = sourcecode.swift; path = CustomizeCourseView.swift; sourceTree = "<group>"; };
		5FB2F6E525CA1FED00256962 /* AssignmentsView.swift */ = {isa = PBXFileReference; lastKnownFileType = sourcecode.swift; path = AssignmentsView.swift; sourceTree = "<group>"; };
		5FB710D725CB2CB80067D348 /* QuizzesView.swift */ = {isa = PBXFileReference; lastKnownFileType = sourcecode.swift; path = QuizzesView.swift; sourceTree = "<group>"; };
		5FB710DF25CB36200067D348 /* DiscussionTopicsView.swift */ = {isa = PBXFileReference; lastKnownFileType = sourcecode.swift; path = DiscussionTopicsView.swift; sourceTree = "<group>"; };
		5FBFD3BD251EDC77007E651B /* Canvas.app */ = {isa = PBXFileReference; explicitFileType = wrapper.application; includeInIndex = 0; path = Canvas.app; sourceTree = BUILT_PRODUCTS_DIR; };
		5FBFD3C0251EDC77007E651B /* CanvasApp.swift */ = {isa = PBXFileReference; lastKnownFileType = sourcecode.swift; path = CanvasApp.swift; sourceTree = "<group>"; };
		5FBFD3C2251EDC77007E651B /* ContentView.swift */ = {isa = PBXFileReference; lastKnownFileType = sourcecode.swift; path = ContentView.swift; sourceTree = "<group>"; };
		5FBFD3C4251EDC78007E651B /* Assets.xcassets */ = {isa = PBXFileReference; lastKnownFileType = folder.assetcatalog; path = Assets.xcassets; sourceTree = "<group>"; };
		5FBFD3C7251EDC78007E651B /* Preview Assets.xcassets */ = {isa = PBXFileReference; lastKnownFileType = folder.assetcatalog; path = "Preview Assets.xcassets"; sourceTree = "<group>"; };
		5FBFD3C9251EDC78007E651B /* Info.plist */ = {isa = PBXFileReference; lastKnownFileType = text.plist.xml; path = Info.plist; sourceTree = "<group>"; };
		5FBFD3CA251EDC78007E651B /* Canvas.entitlements */ = {isa = PBXFileReference; lastKnownFileType = text.plist.entitlements; path = Canvas.entitlements; sourceTree = "<group>"; };
		5FBFD3CF251EDC78007E651B /* CanvasTests.xctest */ = {isa = PBXFileReference; explicitFileType = wrapper.cfbundle; includeInIndex = 0; path = CanvasTests.xctest; sourceTree = BUILT_PRODUCTS_DIR; };
		5FBFD3D3251EDC78007E651B /* CanvasTests.swift */ = {isa = PBXFileReference; lastKnownFileType = sourcecode.swift; path = CanvasTests.swift; sourceTree = "<group>"; };
		5FBFD3D5251EDC78007E651B /* Info.plist */ = {isa = PBXFileReference; lastKnownFileType = text.plist.xml; path = Info.plist; sourceTree = "<group>"; };
		5FBFD3DA251EDC78007E651B /* CanvasUITests.xctest */ = {isa = PBXFileReference; explicitFileType = wrapper.cfbundle; includeInIndex = 0; path = CanvasUITests.xctest; sourceTree = BUILT_PRODUCTS_DIR; };
		5FBFD3DE251EDC78007E651B /* CanvasUITests.swift */ = {isa = PBXFileReference; lastKnownFileType = sourcecode.swift; path = CanvasUITests.swift; sourceTree = "<group>"; };
		5FBFD3E0251EDC78007E651B /* Info.plist */ = {isa = PBXFileReference; lastKnownFileType = text.plist.xml; path = Info.plist; sourceTree = "<group>"; };
		5FBFD3EF251EE3B2007E651B /* Dashboard.swift */ = {isa = PBXFileReference; lastKnownFileType = sourcecode.swift; path = Dashboard.swift; sourceTree = "<group>"; };
		5FBFD3F4251EF537007E651B /* token.txt */ = {isa = PBXFileReference; lastKnownFileType = text; path = token.txt; sourceTree = "<group>"; };
/* End PBXFileReference section */

/* Begin PBXFrameworksBuildPhase section */
		5F301E6C25BE3B4200A6ECCB /* Frameworks */ = {
			isa = PBXFrameworksBuildPhase;
			buildActionMask = 2147483647;
			files = (
				5F301EAE25BE3CD400A6ECCB /* Alamofire in Frameworks */,
				5F301E7125BE3B4200A6ECCB /* SwiftUI.framework in Frameworks */,
				5F780A8D25D98D570023C0CB /* SwiftyJSON in Frameworks */,
				5F301E7025BE3B4200A6ECCB /* WidgetKit.framework in Frameworks */,
			);
			runOnlyForDeploymentPostprocessing = 0;
		};
		5FBFD3BA251EDC77007E651B /* Frameworks */ = {
			isa = PBXFrameworksBuildPhase;
			buildActionMask = 2147483647;
			files = (
				5F780A8825D98CC00023C0CB /* SwiftyJSON in Frameworks */,
				5F9D16F525B616F70098F1E4 /* SDWebImageSwiftUI in Frameworks */,
				5F9D16FC25B617430098F1E4 /* Alamofire in Frameworks */,
			);
			runOnlyForDeploymentPostprocessing = 0;
		};
		5FBFD3CC251EDC78007E651B /* Frameworks */ = {
			isa = PBXFrameworksBuildPhase;
			buildActionMask = 2147483647;
			files = (
			);
			runOnlyForDeploymentPostprocessing = 0;
		};
		5FBFD3D7251EDC78007E651B /* Frameworks */ = {
			isa = PBXFrameworksBuildPhase;
			buildActionMask = 2147483647;
			files = (
			);
			runOnlyForDeploymentPostprocessing = 0;
		};
/* End PBXFrameworksBuildPhase section */

/* Begin PBXGroup section */
		5F301E7225BE3B4300A6ECCB /* Canvas Static Widgets */ = {
			isa = PBXGroup;
			children = (
				5F301E5B25BE375300A6ECCB /* WidgetManager.swift */,
				5F301E7325BE3B4300A6ECCB /* Canvas_Static_Widgets.swift */,
				5F301E7525BE3B4300A6ECCB /* Assets.xcassets */,
				5F301E7725BE3B4300A6ECCB /* Info.plist */,
				5F301E7825BE3B4300A6ECCB /* Canvas_Static_Widgets.entitlements */,
			);
			path = "Canvas Static Widgets";
			sourceTree = "<group>";
		};
		5F879915251FD671009904BC /* Frameworks */ = {
			isa = PBXGroup;
			children = (
				5F301E1F25BE2DEE00A6ECCB /* WidgetKit.framework */,
				5F301E2125BE2DEE00A6ECCB /* SwiftUI.framework */,
			);
			name = Frameworks;
			sourceTree = "<group>";
		};
		5F87992C251FDA0E009904BC /* Data Structures */ = {
			isa = PBXGroup;
			children = (
				5F87992D251FDA1A009904BC /* Course.swift */,
				5F5FC7C225D73EA20087E602 /* CanvasGroup.swift */,
				5F50A9D125B51D1400DD255B /* Enrollment.swift */,
				5F879935251FE5B9009904BC /* Module.swift */,
				5F91BEB125B89970009B1BD9 /* Tab.swift */,
				5F50A9E225B5409B00DD255B /* DiscussionTopic.swift */,
				5F9D16E425B601A20098F1E4 /* User.swift */,
				5FA7223325BD3962007D05E0 /* Assignment.swift */,
				5F301E1625BE186D00A6ECCB /* AssignmentGroup.swift */,
				5F03E89E25D8746A00F08254 /* CourseLike.swift */,
				5F03E8AC25D8A7A000F08254 /* Domain.swift */,
			);
			path = "Data Structures";
			sourceTree = "<group>";
		};
		5F9D16D625B5FF600098F1E4 /* Interface */ = {
			isa = PBXGroup;
			children = (
				5FBFD3C0251EDC77007E651B /* CanvasApp.swift */,
				5FBFD3C2251EDC77007E651B /* ContentView.swift */,
				5FB2199D25B7A49000428CC3 /* CustomizeCourseView.swift */,
				5FBFD3EF251EE3B2007E651B /* Dashboard.swift */,
				5F879931251FE382009904BC /* CourseLikeView.swift */,
				5F50A9DE25B52F7400DD255B /* AnnouncementsView.swift */,
				5F9D16E025B5FFDB0098F1E4 /* PeopleView.swift */,
				5F91BEB525B8A292009B1BD9 /* TabItemView.swift */,
				5FA7222725BD1B51007D05E0 /* SinglePersonView.swift */,
				5FA7222B25BD2F08007D05E0 /* DashboardView.swift */,
				5FA7222F25BD35A4007D05E0 /* GradesView.swift */,
				5FB2F6E525CA1FED00256962 /* AssignmentsView.swift */,
				5FB710D725CB2CB80067D348 /* QuizzesView.swift */,
				5FB710DF25CB36200067D348 /* DiscussionTopicsView.swift */,
				5F03E8A725D8A05B00F08254 /* LoginView.swift */,
			);
			path = Interface;
			sourceTree = "<group>";
		};
		5FBFD3B4251EDC77007E651B = {
			isa = PBXGroup;
			children = (
				5FBFD3BF251EDC77007E651B /* Canvas */,
				5FBFD3D2251EDC78007E651B /* CanvasTests */,
				5FBFD3DD251EDC78007E651B /* CanvasUITests */,
				5F301E7225BE3B4300A6ECCB /* Canvas Static Widgets */,
				5FBFD3BE251EDC77007E651B /* Products */,
				5F879915251FD671009904BC /* Frameworks */,
			);
			sourceTree = "<group>";
		};
		5FBFD3BE251EDC77007E651B /* Products */ = {
			isa = PBXGroup;
			children = (
				5FBFD3BD251EDC77007E651B /* Canvas.app */,
				5FBFD3CF251EDC78007E651B /* CanvasTests.xctest */,
				5FBFD3DA251EDC78007E651B /* CanvasUITests.xctest */,
				5F301E6F25BE3B4200A6ECCB /* Canvas Static WidgetsExtension.appex */,
			);
			name = Products;
			sourceTree = "<group>";
		};
		5FBFD3BF251EDC77007E651B /* Canvas */ = {
			isa = PBXGroup;
			children = (
				5F9D16D625B5FF600098F1E4 /* Interface */,
				5F87992C251FDA0E009904BC /* Data Structures */,
				5FBFD3C4251EDC78007E651B /* Assets.xcassets */,
				5FBFD3C9251EDC78007E651B /* Info.plist */,
				5FBFD3CA251EDC78007E651B /* Canvas.entitlements */,
				5FBFD3C6251EDC78007E651B /* Preview Content */,
				5FBFD3F4251EF537007E651B /* token.txt */,
				5F879922251FD6BD009904BC /* CanvasAPI.swift */,
				5F879926251FD72F009904BC /* Manager.swift */,
				5F301E4A25BE317700A6ECCB /* Extensions.swift */,
			);
			path = Canvas;
			sourceTree = "<group>";
		};
		5FBFD3C6251EDC78007E651B /* Preview Content */ = {
			isa = PBXGroup;
			children = (
				5FBFD3C7251EDC78007E651B /* Preview Assets.xcassets */,
			);
			path = "Preview Content";
			sourceTree = "<group>";
		};
		5FBFD3D2251EDC78007E651B /* CanvasTests */ = {
			isa = PBXGroup;
			children = (
				5FBFD3D3251EDC78007E651B /* CanvasTests.swift */,
				5FBFD3D5251EDC78007E651B /* Info.plist */,
			);
			path = CanvasTests;
			sourceTree = "<group>";
		};
		5FBFD3DD251EDC78007E651B /* CanvasUITests */ = {
			isa = PBXGroup;
			children = (
				5FBFD3DE251EDC78007E651B /* CanvasUITests.swift */,
				5FBFD3E0251EDC78007E651B /* Info.plist */,
			);
			path = CanvasUITests;
			sourceTree = "<group>";
		};
/* End PBXGroup section */

/* Begin PBXNativeTarget section */
		5F301E6E25BE3B4200A6ECCB /* Canvas Static WidgetsExtension */ = {
			isa = PBXNativeTarget;
			buildConfigurationList = 5F301E7C25BE3B4300A6ECCB /* Build configuration list for PBXNativeTarget "Canvas Static WidgetsExtension" */;
			buildPhases = (
				5F301E6B25BE3B4200A6ECCB /* Sources */,
				5F301E6C25BE3B4200A6ECCB /* Frameworks */,
				5F301E6D25BE3B4200A6ECCB /* Resources */,
			);
			buildRules = (
			);
			dependencies = (
			);
			name = "Canvas Static WidgetsExtension";
			packageProductDependencies = (
				5F301EAD25BE3CD400A6ECCB /* Alamofire */,
				5F780A8C25D98D570023C0CB /* SwiftyJSON */,
			);
			productName = "Canvas Static WidgetsExtension";
			productReference = 5F301E6F25BE3B4200A6ECCB /* Canvas Static WidgetsExtension.appex */;
			productType = "com.apple.product-type.app-extension";
		};
		5FBFD3BC251EDC77007E651B /* Canvas */ = {
			isa = PBXNativeTarget;
			buildConfigurationList = 5FBFD3E3251EDC78007E651B /* Build configuration list for PBXNativeTarget "Canvas" */;
			buildPhases = (
				5FBFD3B9251EDC77007E651B /* Sources */,
				5FBFD3BA251EDC77007E651B /* Frameworks */,
				5FBFD3BB251EDC77007E651B /* Resources */,
				5F879918251FD671009904BC /* Embed Frameworks */,
				5F301E3325BE2DF000A6ECCB /* Embed App Extensions */,
			);
			buildRules = (
			);
			dependencies = (
				5F301E7A25BE3B4300A6ECCB /* PBXTargetDependency */,
			);
			name = Canvas;
			packageProductDependencies = (
				5F9D16F425B616F70098F1E4 /* SDWebImageSwiftUI */,
				5F9D16FB25B617430098F1E4 /* Alamofire */,
				5F780A8725D98CC00023C0CB /* SwiftyJSON */,
			);
			productName = Canvas;
			productReference = 5FBFD3BD251EDC77007E651B /* Canvas.app */;
			productType = "com.apple.product-type.application";
		};
		5FBFD3CE251EDC78007E651B /* CanvasTests */ = {
			isa = PBXNativeTarget;
			buildConfigurationList = 5FBFD3E6251EDC78007E651B /* Build configuration list for PBXNativeTarget "CanvasTests" */;
			buildPhases = (
				5FBFD3CB251EDC78007E651B /* Sources */,
				5FBFD3CC251EDC78007E651B /* Frameworks */,
				5FBFD3CD251EDC78007E651B /* Resources */,
			);
			buildRules = (
			);
			dependencies = (
				5FBFD3D1251EDC78007E651B /* PBXTargetDependency */,
			);
			name = CanvasTests;
			productName = CanvasTests;
			productReference = 5FBFD3CF251EDC78007E651B /* CanvasTests.xctest */;
			productType = "com.apple.product-type.bundle.unit-test";
		};
		5FBFD3D9251EDC78007E651B /* CanvasUITests */ = {
			isa = PBXNativeTarget;
			buildConfigurationList = 5FBFD3E9251EDC78007E651B /* Build configuration list for PBXNativeTarget "CanvasUITests" */;
			buildPhases = (
				5FBFD3D6251EDC78007E651B /* Sources */,
				5FBFD3D7251EDC78007E651B /* Frameworks */,
				5FBFD3D8251EDC78007E651B /* Resources */,
			);
			buildRules = (
			);
			dependencies = (
				5FBFD3DC251EDC78007E651B /* PBXTargetDependency */,
			);
			name = CanvasUITests;
			productName = CanvasUITests;
			productReference = 5FBFD3DA251EDC78007E651B /* CanvasUITests.xctest */;
			productType = "com.apple.product-type.bundle.ui-testing";
		};
/* End PBXNativeTarget section */

/* Begin PBXProject section */
		5FBFD3B5251EDC77007E651B /* Project object */ = {
			isa = PBXProject;
			attributes = {
				LastSwiftUpdateCheck = 1230;
				LastUpgradeCheck = 1230;
				TargetAttributes = {
					5F301E6E25BE3B4200A6ECCB = {
						CreatedOnToolsVersion = 12.3;
					};
					5FBFD3BC251EDC77007E651B = {
						CreatedOnToolsVersion = 12.2;
					};
					5FBFD3CE251EDC78007E651B = {
						CreatedOnToolsVersion = 12.2;
						TestTargetID = 5FBFD3BC251EDC77007E651B;
					};
					5FBFD3D9251EDC78007E651B = {
						CreatedOnToolsVersion = 12.2;
						TestTargetID = 5FBFD3BC251EDC77007E651B;
					};
				};
			};
			buildConfigurationList = 5FBFD3B8251EDC77007E651B /* Build configuration list for PBXProject "Canvas" */;
			compatibilityVersion = "Xcode 9.3";
			developmentRegion = en;
			hasScannedForEncodings = 0;
			knownRegions = (
				en,
				Base,
			);
			mainGroup = 5FBFD3B4251EDC77007E651B;
			packageReferences = (
				5F9D16E825B6139D0098F1E4 /* XCRemoteSwiftPackageReference "AlamofireImage" */,
				5F9D16F325B616F70098F1E4 /* XCRemoteSwiftPackageReference "SDWebImageSwiftUI" */,
				5F9D16FA25B617430098F1E4 /* XCRemoteSwiftPackageReference "Alamofire" */,
				5F780A8625D98CC00023C0CB /* XCRemoteSwiftPackageReference "SwiftyJSON" */,
			);
			productRefGroup = 5FBFD3BE251EDC77007E651B /* Products */;
			projectDirPath = "";
			projectRoot = "";
			targets = (
				5FBFD3BC251EDC77007E651B /* Canvas */,
				5FBFD3CE251EDC78007E651B /* CanvasTests */,
				5FBFD3D9251EDC78007E651B /* CanvasUITests */,
				5F301E6E25BE3B4200A6ECCB /* Canvas Static WidgetsExtension */,
			);
		};
/* End PBXProject section */

/* Begin PBXResourcesBuildPhase section */
		5F301E6D25BE3B4200A6ECCB /* Resources */ = {
			isa = PBXResourcesBuildPhase;
			buildActionMask = 2147483647;
			files = (
				5F301EA825BE3CB400A6ECCB /* token.txt in Resources */,
				5F301E7625BE3B4300A6ECCB /* Assets.xcassets in Resources */,
			);
			runOnlyForDeploymentPostprocessing = 0;
		};
		5FBFD3BB251EDC77007E651B /* Resources */ = {
			isa = PBXResourcesBuildPhase;
			buildActionMask = 2147483647;
			files = (
				5FBFD3F5251EF537007E651B /* token.txt in Resources */,
				5FBFD3C8251EDC78007E651B /* Preview Assets.xcassets in Resources */,
				5FBFD3C5251EDC78007E651B /* Assets.xcassets in Resources */,
			);
			runOnlyForDeploymentPostprocessing = 0;
		};
		5FBFD3CD251EDC78007E651B /* Resources */ = {
			isa = PBXResourcesBuildPhase;
			buildActionMask = 2147483647;
			files = (
			);
			runOnlyForDeploymentPostprocessing = 0;
		};
		5FBFD3D8251EDC78007E651B /* Resources */ = {
			isa = PBXResourcesBuildPhase;
			buildActionMask = 2147483647;
			files = (
			);
			runOnlyForDeploymentPostprocessing = 0;
		};
/* End PBXResourcesBuildPhase section */

/* Begin PBXSourcesBuildPhase section */
		5F301E6B25BE3B4200A6ECCB /* Sources */ = {
			isa = PBXSourcesBuildPhase;
			buildActionMask = 2147483647;
			files = (
				5F301E7425BE3B4300A6ECCB /* Canvas_Static_Widgets.swift in Sources */,
				5F301E9225BE3C0400A6ECCB /* Enrollment.swift in Sources */,
				5F301E9025BE3C0400A6ECCB /* Course.swift in Sources */,
				5F03E8A325D8747F00F08254 /* CourseLike.swift in Sources */,
				5F21A6F025D745EF00769AF7 /* CanvasGroup.swift in Sources */,
				5F301E9325BE3C0400A6ECCB /* Module.swift in Sources */,
				5F301E8325BE3BF200A6ECCB /* WidgetManager.swift in Sources */,
				5F301E8825BE3BFF00A6ECCB /* CanvasAPI.swift in Sources */,
				5F301E9125BE3C0400A6ECCB /* Assignment.swift in Sources */,
				5F301E9E25BE3C9100A6ECCB /* Manager.swift in Sources */,
				5F301EA325BE3C9A00A6ECCB /* Extensions.swift in Sources */,
				5F301E8E25BE3C0400A6ECCB /* DiscussionTopic.swift in Sources */,
				5F301E8F25BE3C0400A6ECCB /* AssignmentGroup.swift in Sources */,
				5F301E8D25BE3C0400A6ECCB /* Tab.swift in Sources */,
				5F301E9425BE3C0400A6ECCB /* User.swift in Sources */,
				5F03E8B125D8A9D400F08254 /* Domain.swift in Sources */,
			);
			runOnlyForDeploymentPostprocessing = 0;
		};
		5FBFD3B9251EDC77007E651B /* Sources */ = {
			isa = PBXSourcesBuildPhase;
			buildActionMask = 2147483647;
			files = (
				5F9D16E525B601A20098F1E4 /* User.swift in Sources */,
				5F87992E251FDA1A009904BC /* Course.swift in Sources */,
				5F91BEB625B8A292009B1BD9 /* TabItemView.swift in Sources */,
				5F879932251FE382009904BC /* CourseLikeView.swift in Sources */,
				5FA7223025BD35A4007D05E0 /* GradesView.swift in Sources */,
				5F50A9DF25B52F7400DD255B /* AnnouncementsView.swift in Sources */,
				5FB710E025CB36200067D348 /* DiscussionTopicsView.swift in Sources */,
				5F50A9E325B5409B00DD255B /* DiscussionTopic.swift in Sources */,
				5FB2F6E625CA1FED00256962 /* AssignmentsView.swift in Sources */,
				5F879923251FD6BD009904BC /* CanvasAPI.swift in Sources */,
				5FBFD3C3251EDC77007E651B /* ContentView.swift in Sources */,
				5FA7222C25BD2F08007D05E0 /* DashboardView.swift in Sources */,
				5FBFD3F0251EE3B2007E651B /* Dashboard.swift in Sources */,
				5F879936251FE5B9009904BC /* Module.swift in Sources */,
				5FB2199E25B7A49000428CC3 /* CustomizeCourseView.swift in Sources */,
				5F5FC7D025D7454F0087E602 /* CanvasGroup.swift in Sources */,
				5FBFD3C1251EDC77007E651B /* CanvasApp.swift in Sources */,
				5F301E1725BE186D00A6ECCB /* AssignmentGroup.swift in Sources */,
				5F03E8AD25D8A7A000F08254 /* Domain.swift in Sources */,
				5F03E89F25D8746A00F08254 /* CourseLike.swift in Sources */,
				5FB710D825CB2CB80067D348 /* QuizzesView.swift in Sources */,
				5F91BEB225B89970009B1BD9 /* Tab.swift in Sources */,
				5FA7223425BD3962007D05E0 /* Assignment.swift in Sources */,
				5F03E8A825D8A05B00F08254 /* LoginView.swift in Sources */,
				5FA7222825BD1B51007D05E0 /* SinglePersonView.swift in Sources */,
				5F301E4B25BE317700A6ECCB /* Extensions.swift in Sources */,
				5F50A9D225B51D1400DD255B /* Enrollment.swift in Sources */,
				5F879927251FD72F009904BC /* Manager.swift in Sources */,
				5F9D16E125B5FFDB0098F1E4 /* PeopleView.swift in Sources */,
			);
			runOnlyForDeploymentPostprocessing = 0;
		};
		5FBFD3CB251EDC78007E651B /* Sources */ = {
			isa = PBXSourcesBuildPhase;
			buildActionMask = 2147483647;
			files = (
				5FBFD3D4251EDC78007E651B /* CanvasTests.swift in Sources */,
			);
			runOnlyForDeploymentPostprocessing = 0;
		};
		5FBFD3D6251EDC78007E651B /* Sources */ = {
			isa = PBXSourcesBuildPhase;
			buildActionMask = 2147483647;
			files = (
				5FBFD3DF251EDC78007E651B /* CanvasUITests.swift in Sources */,
			);
			runOnlyForDeploymentPostprocessing = 0;
		};
/* End PBXSourcesBuildPhase section */

/* Begin PBXTargetDependency section */
		5F301E7A25BE3B4300A6ECCB /* PBXTargetDependency */ = {
			isa = PBXTargetDependency;
			target = 5F301E6E25BE3B4200A6ECCB /* Canvas Static WidgetsExtension */;
			targetProxy = 5F301E7925BE3B4300A6ECCB /* PBXContainerItemProxy */;
		};
		5FBFD3D1251EDC78007E651B /* PBXTargetDependency */ = {
			isa = PBXTargetDependency;
			target = 5FBFD3BC251EDC77007E651B /* Canvas */;
			targetProxy = 5FBFD3D0251EDC78007E651B /* PBXContainerItemProxy */;
		};
		5FBFD3DC251EDC78007E651B /* PBXTargetDependency */ = {
			isa = PBXTargetDependency;
			target = 5FBFD3BC251EDC77007E651B /* Canvas */;
			targetProxy = 5FBFD3DB251EDC78007E651B /* PBXContainerItemProxy */;
		};
/* End PBXTargetDependency section */

/* Begin XCBuildConfiguration section */
		5F301E7D25BE3B4300A6ECCB /* Debug */ = {
			isa = XCBuildConfiguration;
			buildSettings = {
				ASSETCATALOG_COMPILER_GLOBAL_ACCENT_COLOR_NAME = AccentColor;
				ASSETCATALOG_COMPILER_WIDGET_BACKGROUND_COLOR_NAME = WidgetBackground;
				CODE_SIGN_ENTITLEMENTS = "Canvas Static Widgets/Canvas_Static_Widgets.entitlements";
				CODE_SIGN_IDENTITY = "-";
				CODE_SIGN_STYLE = Automatic;
				DEVELOPMENT_TEAM = 8CPHKV97KA;
				ENABLE_HARDENED_RUNTIME = YES;
				INFOPLIST_FILE = "Canvas Static Widgets/Info.plist";
				LD_RUNPATH_SEARCH_PATHS = (
					"$(inherited)",
					"@executable_path/../Frameworks",
					"@executable_path/../../../../Frameworks",
				);
				MACOSX_DEPLOYMENT_TARGET = 11.1;
				PRODUCT_BUNDLE_IDENTIFIER = "com.malcolminyo.Canvas.Canvas-Static-Widgets";
				PRODUCT_NAME = "$(TARGET_NAME)";
				SKIP_INSTALL = YES;
				SWIFT_VERSION = 5.0;
			};
			name = Debug;
		};
		5F301E7E25BE3B4300A6ECCB /* Release */ = {
			isa = XCBuildConfiguration;
			buildSettings = {
				ASSETCATALOG_COMPILER_GLOBAL_ACCENT_COLOR_NAME = AccentColor;
				ASSETCATALOG_COMPILER_WIDGET_BACKGROUND_COLOR_NAME = WidgetBackground;
				CODE_SIGN_ENTITLEMENTS = "Canvas Static Widgets/Canvas_Static_Widgets.entitlements";
				CODE_SIGN_IDENTITY = "-";
				CODE_SIGN_STYLE = Automatic;
				DEVELOPMENT_TEAM = 8CPHKV97KA;
				ENABLE_HARDENED_RUNTIME = YES;
				INFOPLIST_FILE = "Canvas Static Widgets/Info.plist";
				LD_RUNPATH_SEARCH_PATHS = (
					"$(inherited)",
					"@executable_path/../Frameworks",
					"@executable_path/../../../../Frameworks",
				);
				MACOSX_DEPLOYMENT_TARGET = 11.1;
				PRODUCT_BUNDLE_IDENTIFIER = "com.malcolminyo.Canvas.Canvas-Static-Widgets";
				PRODUCT_NAME = "$(TARGET_NAME)";
				SKIP_INSTALL = YES;
				SWIFT_VERSION = 5.0;
			};
			name = Release;
		};
		5FBFD3E1251EDC78007E651B /* Debug */ = {
			isa = XCBuildConfiguration;
			buildSettings = {
				ALWAYS_SEARCH_USER_PATHS = NO;
				CLANG_ANALYZER_NONNULL = YES;
				CLANG_ANALYZER_NUMBER_OBJECT_CONVERSION = YES_AGGRESSIVE;
				CLANG_CXX_LANGUAGE_STANDARD = "gnu++14";
				CLANG_CXX_LIBRARY = "libc++";
				CLANG_ENABLE_MODULES = YES;
				CLANG_ENABLE_OBJC_ARC = YES;
				CLANG_ENABLE_OBJC_WEAK = YES;
				CLANG_WARN_BLOCK_CAPTURE_AUTORELEASING = YES;
				CLANG_WARN_BOOL_CONVERSION = YES;
				CLANG_WARN_COMMA = YES;
				CLANG_WARN_CONSTANT_CONVERSION = YES;
				CLANG_WARN_DEPRECATED_OBJC_IMPLEMENTATIONS = YES;
				CLANG_WARN_DIRECT_OBJC_ISA_USAGE = YES_ERROR;
				CLANG_WARN_DOCUMENTATION_COMMENTS = YES;
				CLANG_WARN_EMPTY_BODY = YES;
				CLANG_WARN_ENUM_CONVERSION = YES;
				CLANG_WARN_INFINITE_RECURSION = YES;
				CLANG_WARN_INT_CONVERSION = YES;
				CLANG_WARN_NON_LITERAL_NULL_CONVERSION = YES;
				CLANG_WARN_OBJC_IMPLICIT_RETAIN_SELF = YES;
				CLANG_WARN_OBJC_LITERAL_CONVERSION = YES;
				CLANG_WARN_OBJC_ROOT_CLASS = YES_ERROR;
				CLANG_WARN_QUOTED_INCLUDE_IN_FRAMEWORK_HEADER = YES;
				CLANG_WARN_RANGE_LOOP_ANALYSIS = YES;
				CLANG_WARN_STRICT_PROTOTYPES = YES;
				CLANG_WARN_SUSPICIOUS_MOVE = YES;
				CLANG_WARN_UNGUARDED_AVAILABILITY = YES_AGGRESSIVE;
				CLANG_WARN_UNREACHABLE_CODE = YES;
				CLANG_WARN__DUPLICATE_METHOD_MATCH = YES;
				COPY_PHASE_STRIP = NO;
				DEBUG_INFORMATION_FORMAT = dwarf;
				ENABLE_STRICT_OBJC_MSGSEND = YES;
				ENABLE_TESTABILITY = YES;
				GCC_C_LANGUAGE_STANDARD = gnu11;
				GCC_DYNAMIC_NO_PIC = NO;
				GCC_NO_COMMON_BLOCKS = YES;
				GCC_OPTIMIZATION_LEVEL = 0;
				GCC_PREPROCESSOR_DEFINITIONS = (
					"DEBUG=1",
					"$(inherited)",
				);
				GCC_WARN_64_TO_32_BIT_CONVERSION = YES;
				GCC_WARN_ABOUT_RETURN_TYPE = YES_ERROR;
				GCC_WARN_UNDECLARED_SELECTOR = YES;
				GCC_WARN_UNINITIALIZED_AUTOS = YES_AGGRESSIVE;
				GCC_WARN_UNUSED_FUNCTION = YES;
				GCC_WARN_UNUSED_VARIABLE = YES;
				MACOSX_DEPLOYMENT_TARGET = 11.0;
				MTL_ENABLE_DEBUG_INFO = INCLUDE_SOURCE;
				MTL_FAST_MATH = YES;
				ONLY_ACTIVE_ARCH = YES;
				SDKROOT = macosx;
				SWIFT_ACTIVE_COMPILATION_CONDITIONS = DEBUG;
				SWIFT_OPTIMIZATION_LEVEL = "-Onone";
			};
			name = Debug;
		};
		5FBFD3E2251EDC78007E651B /* Release */ = {
			isa = XCBuildConfiguration;
			buildSettings = {
				ALWAYS_SEARCH_USER_PATHS = NO;
				CLANG_ANALYZER_NONNULL = YES;
				CLANG_ANALYZER_NUMBER_OBJECT_CONVERSION = YES_AGGRESSIVE;
				CLANG_CXX_LANGUAGE_STANDARD = "gnu++14";
				CLANG_CXX_LIBRARY = "libc++";
				CLANG_ENABLE_MODULES = YES;
				CLANG_ENABLE_OBJC_ARC = YES;
				CLANG_ENABLE_OBJC_WEAK = YES;
				CLANG_WARN_BLOCK_CAPTURE_AUTORELEASING = YES;
				CLANG_WARN_BOOL_CONVERSION = YES;
				CLANG_WARN_COMMA = YES;
				CLANG_WARN_CONSTANT_CONVERSION = YES;
				CLANG_WARN_DEPRECATED_OBJC_IMPLEMENTATIONS = YES;
				CLANG_WARN_DIRECT_OBJC_ISA_USAGE = YES_ERROR;
				CLANG_WARN_DOCUMENTATION_COMMENTS = YES;
				CLANG_WARN_EMPTY_BODY = YES;
				CLANG_WARN_ENUM_CONVERSION = YES;
				CLANG_WARN_INFINITE_RECURSION = YES;
				CLANG_WARN_INT_CONVERSION = YES;
				CLANG_WARN_NON_LITERAL_NULL_CONVERSION = YES;
				CLANG_WARN_OBJC_IMPLICIT_RETAIN_SELF = YES;
				CLANG_WARN_OBJC_LITERAL_CONVERSION = YES;
				CLANG_WARN_OBJC_ROOT_CLASS = YES_ERROR;
				CLANG_WARN_QUOTED_INCLUDE_IN_FRAMEWORK_HEADER = YES;
				CLANG_WARN_RANGE_LOOP_ANALYSIS = YES;
				CLANG_WARN_STRICT_PROTOTYPES = YES;
				CLANG_WARN_SUSPICIOUS_MOVE = YES;
				CLANG_WARN_UNGUARDED_AVAILABILITY = YES_AGGRESSIVE;
				CLANG_WARN_UNREACHABLE_CODE = YES;
				CLANG_WARN__DUPLICATE_METHOD_MATCH = YES;
				COPY_PHASE_STRIP = NO;
				DEBUG_INFORMATION_FORMAT = "dwarf-with-dsym";
				ENABLE_NS_ASSERTIONS = NO;
				ENABLE_STRICT_OBJC_MSGSEND = YES;
				GCC_C_LANGUAGE_STANDARD = gnu11;
				GCC_NO_COMMON_BLOCKS = YES;
				GCC_WARN_64_TO_32_BIT_CONVERSION = YES;
				GCC_WARN_ABOUT_RETURN_TYPE = YES_ERROR;
				GCC_WARN_UNDECLARED_SELECTOR = YES;
				GCC_WARN_UNINITIALIZED_AUTOS = YES_AGGRESSIVE;
				GCC_WARN_UNUSED_FUNCTION = YES;
				GCC_WARN_UNUSED_VARIABLE = YES;
				MACOSX_DEPLOYMENT_TARGET = 11.0;
				MTL_ENABLE_DEBUG_INFO = NO;
				MTL_FAST_MATH = YES;
				SDKROOT = macosx;
				SWIFT_COMPILATION_MODE = wholemodule;
				SWIFT_OPTIMIZATION_LEVEL = "-O";
			};
			name = Release;
		};
		5FBFD3E4251EDC78007E651B /* Debug */ = {
			isa = XCBuildConfiguration;
			buildSettings = {
				ALWAYS_EMBED_SWIFT_STANDARD_LIBRARIES = YES;
				ASSETCATALOG_COMPILER_APPICON_NAME = AppIcon;
				ASSETCATALOG_COMPILER_GLOBAL_ACCENT_COLOR_NAME = AccentColor;
				CODE_SIGN_ENTITLEMENTS = Canvas/Canvas.entitlements;
				CODE_SIGN_IDENTITY = "-";
				CODE_SIGN_STYLE = Automatic;
				COMBINE_HIDPI_IMAGES = YES;
				DEVELOPMENT_ASSET_PATHS = "\"Canvas/Preview Content\"";
				DEVELOPMENT_TEAM = 8CPHKV97KA;
				ENABLE_HARDENED_RUNTIME = YES;
				ENABLE_PREVIEWS = YES;
				INFOPLIST_FILE = Canvas/Info.plist;
				LD_RUNPATH_SEARCH_PATHS = (
					"$(inherited)",
					"@executable_path/../Frameworks",
				);
				MACOSX_DEPLOYMENT_TARGET = 11.0;
				PRODUCT_BUNDLE_IDENTIFIER = com.malcolminyo.Canvas;
				PRODUCT_NAME = "$(TARGET_NAME)";
				SWIFT_VERSION = 5.0;
			};
			name = Debug;
		};
		5FBFD3E5251EDC78007E651B /* Release */ = {
			isa = XCBuildConfiguration;
			buildSettings = {
				ALWAYS_EMBED_SWIFT_STANDARD_LIBRARIES = YES;
				ASSETCATALOG_COMPILER_APPICON_NAME = AppIcon;
				ASSETCATALOG_COMPILER_GLOBAL_ACCENT_COLOR_NAME = AccentColor;
				CODE_SIGN_ENTITLEMENTS = Canvas/Canvas.entitlements;
				CODE_SIGN_IDENTITY = "-";
				CODE_SIGN_STYLE = Automatic;
				COMBINE_HIDPI_IMAGES = YES;
				DEVELOPMENT_ASSET_PATHS = "\"Canvas/Preview Content\"";
				DEVELOPMENT_TEAM = 8CPHKV97KA;
				ENABLE_HARDENED_RUNTIME = YES;
				ENABLE_PREVIEWS = YES;
				INFOPLIST_FILE = Canvas/Info.plist;
				LD_RUNPATH_SEARCH_PATHS = (
					"$(inherited)",
					"@executable_path/../Frameworks",
				);
				MACOSX_DEPLOYMENT_TARGET = 11.0;
				PRODUCT_BUNDLE_IDENTIFIER = com.malcolminyo.Canvas;
				PRODUCT_NAME = "$(TARGET_NAME)";
				SWIFT_VERSION = 5.0;
			};
			name = Release;
		};
		5FBFD3E7251EDC78007E651B /* Debug */ = {
			isa = XCBuildConfiguration;
			buildSettings = {
				ALWAYS_EMBED_SWIFT_STANDARD_LIBRARIES = YES;
				BUNDLE_LOADER = "$(TEST_HOST)";
				CODE_SIGN_STYLE = Automatic;
				COMBINE_HIDPI_IMAGES = YES;
				DEVELOPMENT_TEAM = 8CPHKV97KA;
				INFOPLIST_FILE = CanvasTests/Info.plist;
				LD_RUNPATH_SEARCH_PATHS = (
					"$(inherited)",
					"@executable_path/../Frameworks",
					"@loader_path/../Frameworks",
				);
				MACOSX_DEPLOYMENT_TARGET = 11.0;
				PRODUCT_BUNDLE_IDENTIFIER = com.malcolminyo.CanvasTests;
				PRODUCT_NAME = "$(TARGET_NAME)";
				SWIFT_VERSION = 5.0;
				TEST_HOST = "$(BUILT_PRODUCTS_DIR)/Canvas.app/Contents/MacOS/Canvas";
			};
			name = Debug;
		};
		5FBFD3E8251EDC78007E651B /* Release */ = {
			isa = XCBuildConfiguration;
			buildSettings = {
				ALWAYS_EMBED_SWIFT_STANDARD_LIBRARIES = YES;
				BUNDLE_LOADER = "$(TEST_HOST)";
				CODE_SIGN_STYLE = Automatic;
				COMBINE_HIDPI_IMAGES = YES;
				DEVELOPMENT_TEAM = 8CPHKV97KA;
				INFOPLIST_FILE = CanvasTests/Info.plist;
				LD_RUNPATH_SEARCH_PATHS = (
					"$(inherited)",
					"@executable_path/../Frameworks",
					"@loader_path/../Frameworks",
				);
				MACOSX_DEPLOYMENT_TARGET = 11.0;
				PRODUCT_BUNDLE_IDENTIFIER = com.malcolminyo.CanvasTests;
				PRODUCT_NAME = "$(TARGET_NAME)";
				SWIFT_VERSION = 5.0;
				TEST_HOST = "$(BUILT_PRODUCTS_DIR)/Canvas.app/Contents/MacOS/Canvas";
			};
			name = Release;
		};
		5FBFD3EA251EDC78007E651B /* Debug */ = {
			isa = XCBuildConfiguration;
			buildSettings = {
				ALWAYS_EMBED_SWIFT_STANDARD_LIBRARIES = YES;
				CODE_SIGN_STYLE = Automatic;
				COMBINE_HIDPI_IMAGES = YES;
				DEVELOPMENT_TEAM = 8CPHKV97KA;
				INFOPLIST_FILE = CanvasUITests/Info.plist;
				LD_RUNPATH_SEARCH_PATHS = (
					"$(inherited)",
					"@executable_path/../Frameworks",
					"@loader_path/../Frameworks",
				);
				PRODUCT_BUNDLE_IDENTIFIER = com.malcolminyo.CanvasUITests;
				PRODUCT_NAME = "$(TARGET_NAME)";
				SWIFT_VERSION = 5.0;
				TEST_TARGET_NAME = Canvas;
			};
			name = Debug;
		};
		5FBFD3EB251EDC78007E651B /* Release */ = {
			isa = XCBuildConfiguration;
			buildSettings = {
				ALWAYS_EMBED_SWIFT_STANDARD_LIBRARIES = YES;
				CODE_SIGN_STYLE = Automatic;
				COMBINE_HIDPI_IMAGES = YES;
				DEVELOPMENT_TEAM = 8CPHKV97KA;
				INFOPLIST_FILE = CanvasUITests/Info.plist;
				LD_RUNPATH_SEARCH_PATHS = (
					"$(inherited)",
					"@executable_path/../Frameworks",
					"@loader_path/../Frameworks",
				);
				PRODUCT_BUNDLE_IDENTIFIER = com.malcolminyo.CanvasUITests;
				PRODUCT_NAME = "$(TARGET_NAME)";
				SWIFT_VERSION = 5.0;
				TEST_TARGET_NAME = Canvas;
			};
			name = Release;
		};
/* End XCBuildConfiguration section */

/* Begin XCConfigurationList section */
		5F301E7C25BE3B4300A6ECCB /* Build configuration list for PBXNativeTarget "Canvas Static WidgetsExtension" */ = {
			isa = XCConfigurationList;
			buildConfigurations = (
				5F301E7D25BE3B4300A6ECCB /* Debug */,
				5F301E7E25BE3B4300A6ECCB /* Release */,
			);
			defaultConfigurationIsVisible = 0;
			defaultConfigurationName = Release;
		};
		5FBFD3B8251EDC77007E651B /* Build configuration list for PBXProject "Canvas" */ = {
			isa = XCConfigurationList;
			buildConfigurations = (
				5FBFD3E1251EDC78007E651B /* Debug */,
				5FBFD3E2251EDC78007E651B /* Release */,
			);
			defaultConfigurationIsVisible = 0;
			defaultConfigurationName = Release;
		};
		5FBFD3E3251EDC78007E651B /* Build configuration list for PBXNativeTarget "Canvas" */ = {
			isa = XCConfigurationList;
			buildConfigurations = (
				5FBFD3E4251EDC78007E651B /* Debug */,
				5FBFD3E5251EDC78007E651B /* Release */,
			);
			defaultConfigurationIsVisible = 0;
			defaultConfigurationName = Release;
		};
		5FBFD3E6251EDC78007E651B /* Build configuration list for PBXNativeTarget "CanvasTests" */ = {
			isa = XCConfigurationList;
			buildConfigurations = (
				5FBFD3E7251EDC78007E651B /* Debug */,
				5FBFD3E8251EDC78007E651B /* Release */,
			);
			defaultConfigurationIsVisible = 0;
			defaultConfigurationName = Release;
		};
		5FBFD3E9251EDC78007E651B /* Build configuration list for PBXNativeTarget "CanvasUITests" */ = {
			isa = XCConfigurationList;
			buildConfigurations = (
				5FBFD3EA251EDC78007E651B /* Debug */,
				5FBFD3EB251EDC78007E651B /* Release */,
			);
			defaultConfigurationIsVisible = 0;
			defaultConfigurationName = Release;
		};
/* End XCConfigurationList section */

/* Begin XCRemoteSwiftPackageReference section */
		5F780A8625D98CC00023C0CB /* XCRemoteSwiftPackageReference "SwiftyJSON" */ = {
			isa = XCRemoteSwiftPackageReference;
			repositoryURL = "https://github.com/SwiftyJSON/SwiftyJSON.git";
			requirement = {
				kind = upToNextMajorVersion;
				minimumVersion = 5.0.0;
			};
		};
		5F9D16E825B6139D0098F1E4 /* XCRemoteSwiftPackageReference "AlamofireImage" */ = {
			isa = XCRemoteSwiftPackageReference;
			repositoryURL = "https://github.com/Alamofire/AlamofireImage.git";
			requirement = {
				kind = upToNextMajorVersion;
				minimumVersion = 4.1.0;
			};
		};
		5F9D16F325B616F70098F1E4 /* XCRemoteSwiftPackageReference "SDWebImageSwiftUI" */ = {
			isa = XCRemoteSwiftPackageReference;
			repositoryURL = "https://github.com/SDWebImage/SDWebImageSwiftUI.git";
			requirement = {
				kind = upToNextMajorVersion;
				minimumVersion = 1.5.0;
			};
		};
		5F9D16FA25B617430098F1E4 /* XCRemoteSwiftPackageReference "Alamofire" */ = {
			isa = XCRemoteSwiftPackageReference;
			repositoryURL = "https://github.com/Alamofire/Alamofire.git";
			requirement = {
				kind = upToNextMajorVersion;
				minimumVersion = 5.4.1;
			};
		};
/* End XCRemoteSwiftPackageReference section */

/* Begin XCSwiftPackageProductDependency section */
		5F301EAD25BE3CD400A6ECCB /* Alamofire */ = {
			isa = XCSwiftPackageProductDependency;
			package = 5F9D16FA25B617430098F1E4 /* XCRemoteSwiftPackageReference "Alamofire" */;
			productName = Alamofire;
		};
		5F780A8725D98CC00023C0CB /* SwiftyJSON */ = {
			isa = XCSwiftPackageProductDependency;
			package = 5F780A8625D98CC00023C0CB /* XCRemoteSwiftPackageReference "SwiftyJSON" */;
			productName = SwiftyJSON;
		};
		5F780A8C25D98D570023C0CB /* SwiftyJSON */ = {
			isa = XCSwiftPackageProductDependency;
			package = 5F780A8625D98CC00023C0CB /* XCRemoteSwiftPackageReference "SwiftyJSON" */;
			productName = SwiftyJSON;
		};
		5F9D16F425B616F70098F1E4 /* SDWebImageSwiftUI */ = {
			isa = XCSwiftPackageProductDependency;
			package = 5F9D16F325B616F70098F1E4 /* XCRemoteSwiftPackageReference "SDWebImageSwiftUI" */;
			productName = SDWebImageSwiftUI;
		};
		5F9D16FB25B617430098F1E4 /* Alamofire */ = {
			isa = XCSwiftPackageProductDependency;
			package = 5F9D16FA25B617430098F1E4 /* XCRemoteSwiftPackageReference "Alamofire" */;
			productName = Alamofire;
		};
/* End XCSwiftPackageProductDependency section */
	};
	rootObject = 5FBFD3B5251EDC77007E651B /* Project object */;
}
